
Microsoft Visual Studio Solution File, Format Version 12.00
# Visual Studio Version 17
VisualStudioVersion = 17.3.32929.385
MinimumVisualStudioVersion = 10.0.40219.1
Project("{FAE04EC0-301F-11D3-BF4B-00C04F79EFBC}") = "CityInfo.API", "CityInfo.API\CityInfo.API.csproj", "{66C47D59-B511-4995-9B34-67399A8C76B7}"
EndProject
Global
	GlobalSection(SolutionConfigurationPlatforms) = preSolution
		Debug|Any CPU = Debug|Any CPU
		Release|Any CPU = Release|Any CPU
	EndGlobalSection
	GlobalSection(ProjectConfigurationPlatforms) = postSolution
		{66C47D59-B511-4995-9B34-67399A8C76B7}.Debug|Any CPU.ActiveCfg = Debug|Any CPU
		{66C47D59-B511-4995-9B34-67399A8C76B7}.Debug|Any CPU.Build.0 = Debug|Any CPU
		{66C47D59-B511-4995-9B34-67399A8C76B7}.Release|Any CPU.ActiveCfg = Release|Any CPU
		{66C47D59-B511-4995-9B34-67399A8C76B7}.Release|Any CPU.Build.0 = Release|Any CPU
	EndGlobalSection
	GlobalSection(SolutionProperties) = preSolution
		HideSolutionNode = FALSE
	EndGlobalSection
	GlobalSection(ExtensibilityGlobals) = postSolution
		SolutionGuid = {EB850F0B-0D60-4129-B68A-8D4B6ECECE78}
	EndGlobalSection
EndGlobal
